// !$*UTF8*$!
{
	archiveVersion = 1;
	classes = {
	};
	objectVersion = 50;
	objects = {

/* Begin PBXBuildFile section */
		373B3C1E208A1ABD00BDEE47 /* thumbnail.png in Resources */ = {isa = PBXBuildFile; fileRef = 373B3C1D208A1ABD00BDEE47 /* thumbnail.png */; };
		37821F222089476A008B9DD6 /* SquaresView.h in Headers */ = {isa = PBXBuildFile; fileRef = 37821F212089476A008B9DD6 /* SquaresView.h */; };
		37821F242089476A008B9DD6 /* SquaresView.m in Sources */ = {isa = PBXBuildFile; fileRef = 37821F232089476A008B9DD6 /* SquaresView.m */; };
		37821F2E208953A1008B9DD6 /* ParticleView.h in Headers */ = {isa = PBXBuildFile; fileRef = 37821F2C208953A1008B9DD6 /* ParticleView.h */; };
		37821F2F208953A1008B9DD6 /* ParticleView.m in Sources */ = {isa = PBXBuildFile; fileRef = 37821F2D208953A1008B9DD6 /* ParticleView.m */; };
		37821F32208954B2008B9DD6 /* RectangleScene.h in Headers */ = {isa = PBXBuildFile; fileRef = 37821F30208954B2008B9DD6 /* RectangleScene.h */; };
		37821F33208954B2008B9DD6 /* RectangleScene.m in Sources */ = {isa = PBXBuildFile; fileRef = 37821F31208954B2008B9DD6 /* RectangleScene.m */; };
/* End PBXBuildFile section */

/* Begin PBXFileReference section */
		373B3C1D208A1ABD00BDEE47 /* thumbnail.png */ = {isa = PBXFileReference; lastKnownFileType = image.png; path = thumbnail.png; sourceTree = "<group>"; };
		37821F1E2089476A008B9DD6 /* Squares.saver */ = {isa = PBXFileReference; explicitFileType = wrapper.cfbundle; includeInIndex = 0; path = Squares.saver; sourceTree = BUILT_PRODUCTS_DIR; };
		37821F212089476A008B9DD6 /* SquaresView.h */ = {isa = PBXFileReference; lastKnownFileType = sourcecode.c.h; path = SquaresView.h; sourceTree = "<group>"; };
		37821F232089476A008B9DD6 /* SquaresView.m */ = {isa = PBXFileReference; lastKnownFileType = sourcecode.c.objc; path = SquaresView.m; sourceTree = "<group>"; };
		37821F252089476A008B9DD6 /* Info.plist */ = {isa = PBXFileReference; lastKnownFileType = text.plist.xml; path = Info.plist; sourceTree = "<group>"; };
		37821F2C208953A1008B9DD6 /* ParticleView.h */ = {isa = PBXFileReference; lastKnownFileType = sourcecode.c.h; path = ParticleView.h; sourceTree = "<group>"; };
		37821F2D208953A1008B9DD6 /* ParticleView.m */ = {isa = PBXFileReference; lastKnownFileType = sourcecode.c.objc; path = ParticleView.m; sourceTree = "<group>"; };
		37821F30208954B2008B9DD6 /* RectangleScene.h */ = {isa = PBXFileReference; lastKnownFileType = sourcecode.c.h; path = RectangleScene.h; sourceTree = "<group>"; };
		37821F31208954B2008B9DD6 /* RectangleScene.m */ = {isa = PBXFileReference; lastKnownFileType = sourcecode.c.objc; path = RectangleScene.m; sourceTree = "<group>"; };
/* End PBXFileReference section */

/* Begin PBXFrameworksBuildPhase section */
		37821F1A2089476A008B9DD6 /* Frameworks */ = {
			isa = PBXFrameworksBuildPhase;
			buildActionMask = 2147483647;
			files = (
			);
			runOnlyForDeploymentPostprocessing = 0;
		};
/* End PBXFrameworksBuildPhase section */

/* Begin PBXGroup section */
		373B3C1C208A1AB100BDEE47 /* Resources */ = {
			isa = PBXGroup;
			children = (
				37821F252089476A008B9DD6 /* Info.plist */,
				373B3C1D208A1ABD00BDEE47 /* thumbnail.png */,
			);
			path = Resources;
			sourceTree = "<group>";
		};
		37821F142089476A008B9DD6 = {
			isa = PBXGroup;
			children = (
				37821F202089476A008B9DD6 /* Squares */,
				37821F1F2089476A008B9DD6 /* Products */,
			);
			sourceTree = "<group>";
		};
		37821F1F2089476A008B9DD6 /* Products */ = {
			isa = PBXGroup;
			children = (
				37821F1E2089476A008B9DD6 /* Squares.saver */,
			);
			name = Products;
			sourceTree = "<group>";
		};
		37821F202089476A008B9DD6 /* Squares */ = {
			isa = PBXGroup;
			children = (
				373B3C1C208A1AB100BDEE47 /* Resources */,
				37821F2B208952E0008B9DD6 /* Source */,
			);
			path = Squares;
			sourceTree = "<group>";
		};
		37821F2B208952E0008B9DD6 /* Source */ = {
			isa = PBXGroup;
			children = (
				37821F212089476A008B9DD6 /* SquaresView.h */,
				37821F232089476A008B9DD6 /* SquaresView.m */,
				37821F2C208953A1008B9DD6 /* ParticleView.h */,
				37821F2D208953A1008B9DD6 /* ParticleView.m */,
				37821F30208954B2008B9DD6 /* RectangleScene.h */,
				37821F31208954B2008B9DD6 /* RectangleScene.m */,
			);
			path = Source;
			sourceTree = "<group>";
		};
/* End PBXGroup section */

/* Begin PBXHeadersBuildPhase section */
		37821F1B2089476A008B9DD6 /* Headers */ = {
			isa = PBXHeadersBuildPhase;
			buildActionMask = 2147483647;
			files = (
				37821F222089476A008B9DD6 /* SquaresView.h in Headers */,
				37821F32208954B2008B9DD6 /* RectangleScene.h in Headers */,
				37821F2E208953A1008B9DD6 /* ParticleView.h in Headers */,
			);
			runOnlyForDeploymentPostprocessing = 0;
		};
/* End PBXHeadersBuildPhase section */

/* Begin PBXNativeTarget section */
		37821F1D2089476A008B9DD6 /* Squares */ = {
			isa = PBXNativeTarget;
			buildConfigurationList = 37821F282089476A008B9DD6 /* Build configuration list for PBXNativeTarget "Squares" */;
			buildPhases = (
				37821F192089476A008B9DD6 /* Sources */,
				37821F1A2089476A008B9DD6 /* Frameworks */,
				37821F1B2089476A008B9DD6 /* Headers */,
				37821F1C2089476A008B9DD6 /* Resources */,
			);
			buildRules = (
			);
			dependencies = (
			);
			name = Squares;
			productName = Squares;
			productReference = 37821F1E2089476A008B9DD6 /* Squares.saver */;
			productType = "com.apple.product-type.bundle";
		};
/* End PBXNativeTarget section */

/* Begin PBXProject section */
		37821F152089476A008B9DD6 /* Project object */ = {
			isa = PBXProject;
			attributes = {
				LastUpgradeCheck = 0930;
				ORGANIZATIONNAME = danberry;
				TargetAttributes = {
					37821F1D2089476A008B9DD6 = {
						CreatedOnToolsVersion = 9.3;
					};
				};
			};
			buildConfigurationList = 37821F182089476A008B9DD6 /* Build configuration list for PBXProject "Squares" */;
			compatibilityVersion = "Xcode 9.3";
			developmentRegion = en;
			hasScannedForEncodings = 0;
			knownRegions = (
				en,
			);
			mainGroup = 37821F142089476A008B9DD6;
			productRefGroup = 37821F1F2089476A008B9DD6 /* Products */;
			projectDirPath = "";
			projectRoot = "";
			targets = (
				37821F1D2089476A008B9DD6 /* Squares */,
			);
		};
/* End PBXProject section */

/* Begin PBXResourcesBuildPhase section */
		37821F1C2089476A008B9DD6 /* Resources */ = {
			isa = PBXResourcesBuildPhase;
			buildActionMask = 2147483647;
			files = (
				373B3C1E208A1ABD00BDEE47 /* thumbnail.png in Resources */,
			);
			runOnlyForDeploymentPostprocessing = 0;
		};
/* End PBXResourcesBuildPhase section */

/* Begin PBXSourcesBuildPhase section */
		37821F192089476A008B9DD6 /* Sources */ = {
			isa = PBXSourcesBuildPhase;
			buildActionMask = 2147483647;
			files = (
				37821F2F208953A1008B9DD6 /* ParticleView.m in Sources */,
				37821F242089476A008B9DD6 /* SquaresView.m in Sources */,
				37821F33208954B2008B9DD6 /* RectangleScene.m in Sources */,
			);
			runOnlyForDeploymentPostprocessing = 0;
		};
/* End PBXSourcesBuildPhase section */

/* Begin XCBuildConfiguration section */
		37821F262089476A008B9DD6 /* Debug */ = {
			isa = XCBuildConfiguration;
			buildSettings = {
				ALWAYS_SEARCH_USER_PATHS = NO;
				CLANG_ANALYZER_NONNULL = YES;
				CLANG_ANALYZER_NUMBER_OBJECT_CONVERSION = YES_AGGRESSIVE;
				CLANG_CXX_LANGUAGE_STANDARD = "gnu++14";
				CLANG_CXX_LIBRARY = "libc++";
				CLANG_ENABLE_MODULES = YES;
				CLANG_ENABLE_OBJC_ARC = YES;
				CLANG_ENABLE_OBJC_WEAK = YES;
				CLANG_WARN_BLOCK_CAPTURE_AUTORELEASING = YES;
				CLANG_WARN_BOOL_CONVERSION = YES;
				CLANG_WARN_COMMA = YES;
				CLANG_WARN_CONSTANT_CONVERSION = YES;
				CLANG_WARN_DEPRECATED_OBJC_IMPLEMENTATIONS = YES;
				CLANG_WARN_DIRECT_OBJC_ISA_USAGE = YES_ERROR;
				CLANG_WARN_DOCUMENTATION_COMMENTS = YES;
				CLANG_WARN_EMPTY_BODY = YES;
				CLANG_WARN_ENUM_CONVERSION = YES;
				CLANG_WARN_INFINITE_RECURSION = YES;
				CLANG_WARN_INT_CONVERSION = YES;
				CLANG_WARN_NON_LITERAL_NULL_CONVERSION = YES;
				CLANG_WARN_OBJC_IMPLICIT_RETAIN_SELF = YES;
				CLANG_WARN_OBJC_LITERAL_CONVERSION = YES;
				CLANG_WARN_OBJC_ROOT_CLASS = YES_ERROR;
				CLANG_WARN_RANGE_LOOP_ANALYSIS = YES;
				CLANG_WARN_STRICT_PROTOTYPES = YES;
				CLANG_WARN_SUSPICIOUS_MOVE = YES;
				CLANG_WARN_UNGUARDED_AVAILABILITY = YES_AGGRESSIVE;
				CLANG_WARN_UNREACHABLE_CODE = YES;
				CLANG_WARN__DUPLICATE_METHOD_MATCH = YES;
				CODE_SIGN_IDENTITY = "Mac Developer";
				COPY_PHASE_STRIP = NO;
				DEBUG_INFORMATION_FORMAT = dwarf;
				ENABLE_STRICT_OBJC_MSGSEND = YES;
				ENABLE_TESTABILITY = YES;
				GCC_C_LANGUAGE_STANDARD = gnu11;
				GCC_DYNAMIC_NO_PIC = NO;
				GCC_NO_COMMON_BLOCKS = YES;
				GCC_OPTIMIZATION_LEVEL = 0;
				GCC_PREPROCESSOR_DEFINITIONS = (
					"DEBUG=1",
					"$(inherited)",
				);
				GCC_WARN_64_TO_32_BIT_CONVERSION = YES;
				GCC_WARN_ABOUT_RETURN_TYPE = YES_ERROR;
				GCC_WARN_UNDECLARED_SELECTOR = YES;
				GCC_WARN_UNINITIALIZED_AUTOS = YES_AGGRESSIVE;
				GCC_WARN_UNUSED_FUNCTION = YES;
				GCC_WARN_UNUSED_VARIABLE = YES;
				MACOSX_DEPLOYMENT_TARGET = 10.13;
				MTL_ENABLE_DEBUG_INFO = YES;
				ONLY_ACTIVE_ARCH = YES;
				SDKROOT = macosx;
			};
			name = Debug;
		};
		37821F272089476A008B9DD6 /* Release */ = {
			isa = XCBuildConfiguration;
			buildSettings = {
				ALWAYS_SEARCH_USER_PATHS = NO;
				CLANG_ANALYZER_NONNULL = YES;
				CLANG_ANALYZER_NUMBER_OBJECT_CONVERSION = YES_AGGRESSIVE;
				CLANG_CXX_LANGUAGE_STANDARD = "gnu++14";
				CLANG_CXX_LIBRARY = "libc++";
				CLANG_ENABLE_MODULES = YES;
				CLANG_ENABLE_OBJC_ARC = YES;
				CLANG_ENABLE_OBJC_WEAK = YES;
				CLANG_WARN_BLOCK_CAPTURE_AUTORELEASING = YES;
				CLANG_WARN_BOOL_CONVERSION = YES;
				CLANG_WARN_COMMA = YES;
				CLANG_WARN_CONSTANT_CONVERSION = YES;
				CLANG_WARN_DEPRECATED_OBJC_IMPLEMENTATIONS = YES;
				CLANG_WARN_DIRECT_OBJC_ISA_USAGE = YES_ERROR;
				CLANG_WARN_DOCUMENTATION_COMMENTS = YES;
				CLANG_WARN_EMPTY_BODY = YES;
				CLANG_WARN_ENUM_CONVERSION = YES;
				CLANG_WARN_INFINITE_RECURSION = YES;
				CLANG_WARN_INT_CONVERSION = YES;
				CLANG_WARN_NON_LITERAL_NULL_CONVERSION = YES;
				CLANG_WARN_OBJC_IMPLICIT_RETAIN_SELF = YES;
				CLANG_WARN_OBJC_LITERAL_CONVERSION = YES;
				CLANG_WARN_OBJC_ROOT_CLASS = YES_ERROR;
				CLANG_WARN_RANGE_LOOP_ANALYSIS = YES;
				CLANG_WARN_STRICT_PROTOTYPES = YES;
				CLANG_WARN_SUSPICIOUS_MOVE = YES;
				CLANG_WARN_UNGUARDED_AVAILABILITY = YES_AGGRESSIVE;
				CLANG_WARN_UNREACHABLE_CODE = YES;
				CLANG_WARN__DUPLICATE_METHOD_MATCH = YES;
				CODE_SIGN_IDENTITY = "Mac Developer";
				COPY_PHASE_STRIP = NO;
				DEBUG_INFORMATION_FORMAT = "dwarf-with-dsym";
				ENABLE_NS_ASSERTIONS = NO;
				ENABLE_STRICT_OBJC_MSGSEND = YES;
				GCC_C_LANGUAGE_STANDARD = gnu11;
				GCC_NO_COMMON_BLOCKS = YES;
				GCC_WARN_64_TO_32_BIT_CONVERSION = YES;
				GCC_WARN_ABOUT_RETURN_TYPE = YES_ERROR;
				GCC_WARN_UNDECLARED_SELECTOR = YES;
				GCC_WARN_UNINITIALIZED_AUTOS = YES_AGGRESSIVE;
				GCC_WARN_UNUSED_FUNCTION = YES;
				GCC_WARN_UNUSED_VARIABLE = YES;
				MACOSX_DEPLOYMENT_TARGET = 10.13;
				MTL_ENABLE_DEBUG_INFO = NO;
				SDKROOT = macosx;
			};
			name = Release;
		};
		37821F292089476A008B9DD6 /* Debug */ = {
			isa = XCBuildConfiguration;
			buildSettings = {
				CODE_SIGN_STYLE = Automatic;
				COMBINE_HIDPI_IMAGES = YES;
				DEVELOPMENT_TEAM = P7A5Q97UJ7;
				INFOPLIST_FILE = "$(SRCROOT)/Squares/Resources/Info.plist";
				INSTALL_PATH = "$(HOME)/Library/Screen Savers";
				PRODUCT_BUNDLE_IDENTIFIER = com.danberry.Squares;
				PRODUCT_NAME = "$(TARGET_NAME)";
				WRAPPER_EXTENSION = saver;
			};
			name = Debug;
		};
		37821F2A2089476A008B9DD6 /* Release */ = {
			isa = XCBuildConfiguration;
			buildSettings = {
				CODE_SIGN_STYLE = Automatic;
				COMBINE_HIDPI_IMAGES = YES;
				DEVELOPMENT_TEAM = P7A5Q97UJ7;
				INFOPLIST_FILE = "$(SRCROOT)/Squares/Resources/Info.plist";
				INSTALL_PATH = "$(HOME)/Library/Screen Savers";
				PRODUCT_BUNDLE_IDENTIFIER = com.danberry.Squares;
				PRODUCT_NAME = "$(TARGET_NAME)";
				WRAPPER_EXTENSION = saver;
			};
			name = Release;
		};
/* End XCBuildConfiguration section */

/* Begin XCConfigurationList section */
		37821F182089476A008B9DD6 /* Build configuration list for PBXProject "Squares" */ = {
			isa = XCConfigurationList;
			buildConfigurations = (
				37821F262089476A008B9DD6 /* Debug */,
				37821F272089476A008B9DD6 /* Release */,
			);
			defaultConfigurationIsVisible = 0;
			defaultConfigurationName = Release;
		};
		37821F282089476A008B9DD6 /* Build configuration list for PBXNativeTarget "Squares" */ = {
			isa = XCConfigurationList;
			buildConfigurations = (
				37821F292089476A008B9DD6 /* Debug */,
				37821F2A2089476A008B9DD6 /* Release */,
			);
			defaultConfigurationIsVisible = 0;
			defaultConfigurationName = Release;
		};
/* End XCConfigurationList section */
	};
	rootObject = 37821F152089476A008B9DD6 /* Project object */;
}
